version = 1
revision = 3
requires-python = ">=3.13"

[[package]]
name = "beartype"
version = "0.22.9"
source = { registry = "https://pypi.org/simple" }
sdist = { url = "https://files.pythonhosted.org/packages/c7/94/1009e248bbfbab11397abca7193bea6626806be9a327d399810d523a07cb/beartype-0.22.9.tar.gz", hash = "sha256:8f82b54aa723a2848a56008d18875f91c1db02c32ef6a62319a002e3e25a975f", size = 1608866, upload-time = "2025-12-13T06:50:30.72Z" }
wheels = [
    { url = "https://files.pythonhosted.org/packages/71/cc/18245721fa7747065ab478316c7fea7c74777d07f37ae60db2e84f8172e8/beartype-0.22.9-py3-none-any.whl", hash = "sha256:d16c9bbc61ea14637596c5f6fbff2ee99cbe3573e46a716401734ef50c3060c2", size = 1333658, upload-time = "2025-12-13T06:50:28.266Z" },
]

[[package]]
name = "colorama"
version = "0.4.6"
source = { registry = "https://pypi.org/simple" }
sdist = { url = "https://files.pythonhosted.org/packages/d8/53/6f443c9a4a8358a93a6792e2acffb9d9d5cb0a5cfd8802644b7b1c9a02e4/colorama-0.4.6.tar.gz", hash = "sha256:08695f5cb7ed6e0531a20572697297273c47b8cae5a63ffc6d6ed5c201be6e44", size = 27697, upload-time = "2022-10-25T02:36:22.414Z" }
wheels = [
    { url = "https://files.pythonhosted.org/packages/d1/d6/3965ed04c63042e047cb6a3e6ed1a63a35087b6a609aa3a15ed8ac56c221/colorama-0.4.6-py2.py3-none-any.whl", hash = "sha256:4f1d9991f5acc0ca119f9d443620b77f9d6b33703e51011c16baf57afb285fc6", size = 25335, upload-time = "2022-10-25T02:36:20.889Z" },
]

[[package]]
name = "graphviz"
version = "0.21"
source = { registry = "https://pypi.org/simple" }
sdist = { url = "https://files.pythonhosted.org/packages/f8/b3/3ac91e9be6b761a4b30d66ff165e54439dcd48b83f4e20d644867215f6ca/graphviz-0.21.tar.gz", hash = "sha256:20743e7183be82aaaa8ad6c93f8893c923bd6658a04c32ee115edb3c8a835f78", size = 200434, upload-time = "2025-06-15T09:35:05.824Z" }
wheels = [
    { url = "https://files.pythonhosted.org/packages/91/4c/e0ce1ef95d4000ebc1c11801f9b944fa5910ecc15b5e351865763d8657f8/graphviz-0.21-py3-none-any.whl", hash = "sha256:54f33de9f4f911d7e84e4191749cac8cc5653f815b06738c54db9a15ab8b1e42", size = 47300, upload-time = "2025-06-15T09:35:04.433Z" },
]

[[package]]
name = "header-source-reorder"
version = "0.1.0"
source = { editable = "." }
dependencies = [
    { name = "beartype" },
    { name = "graphviz" },
    { name = "igraph" },
    { name = "pytest" },
    { name = "tree-sitter" },
    { name = "tree-sitter-cpp" },
]

[package.metadata]
requires-dist = [
    { name = "beartype", specifier = ">=0.22.9" },
    { name = "graphviz", specifier = ">=0.21" },
    { name = "igraph", specifier = ">=1.0.0" },
    { name = "pytest", specifier = ">=9.0.3" },
    { name = "tree-sitter", specifier = ">=0.25.2" },
    { name = "tree-sitter-cpp", specifier = ">=0.23.4" },
]

[[package]]
name = "igraph"
version = "1.0.0"
source = { registry = "https://pypi.org/simple" }
dependencies = [
    { name = "texttable" },
]
sdist = { url = "https://files.pythonhosted.org/packages/23/be/56bef1919005b4caf1f71522b300d359f7faeb7ae93a3b0baa9b4f146a87/igraph-1.0.0.tar.gz", hash = "sha256:2414d0be2e4d77ee5357807d100974b40f6082bb1bb71988ec46cfb6728651ee", size = 5077105, upload-time = "2025-10-23T12:22:50.127Z" }
wheels = [
    { url = "https://files.pythonhosted.org/packages/a5/03/3278ad0ceb3ea0e84d8ae3a85bdded4d0e57853aeb802a200feb43847b93/igraph-1.0.0-cp39-abi3-macosx_10_15_x86_64.whl", hash = "sha256:c2cbc415e02523e5a241eecee82319080bf928a70b1ba299f3b3e25bf029b6d4", size = 2257415, upload-time = "2025-10-23T12:22:27.246Z" },
    { url = "https://files.pythonhosted.org/packages/0d/bc/6281ec7f9baaf71ee57c3b1748da2d3148d15d253e1a03006f204aa68ca5/igraph-1.0.0-cp39-abi3-macosx_11_0_arm64.whl", hash = "sha256:1a27753cd80680a8f676c2d5a467aaa4a95e510b30748398ec4e4aeb982130e8", size = 2048555, upload-time = "2025-10-23T12:22:29.49Z" },
    { url = "https://files.pythonhosted.org/packages/2a/38/3cd6428a4ed4c09a56df05998438e7774fd1d799ee4fb8fc481674f5f7fc/igraph-1.0.0-cp39-abi3-manylinux_2_28_aarch64.whl", hash = "sha256:a55dc3a2a4e3fc3eba42479910c1511bfc3ecb33cdf5f0406891fd85f14b5aee", size = 5314141, upload-time = "2025-10-23T12:22:31.023Z" },
    { url = "https://files.pythonhosted.org/packages/7d/da/dd2867c25adbb41563720f14b5fc895c98bf88be682a3faff4f7b3118d2a/igraph-1.0.0-cp39-abi3-manylinux_2_28_x86_64.whl", hash = "sha256:2d04c2c76f686fb1f554ee35dfd3085f5e73b7965ba6b4cf06d53e66b1955522", size = 5683134, upload-time = "2025-10-23T12:22:32.423Z" },
    { url = "https://files.pythonhosted.org/packages/e5/40/243c118d34ab80382d7009c4dcb99b887384c3d2ce84d29eeac19e2a007a/igraph-1.0.0-cp39-abi3-musllinux_1_2_aarch64.whl", hash = "sha256:f2b52dc1757fff0fed29a9f7a276d971a11db4211569ed78b9eab36288dfcc9d", size = 6211583, upload-time = "2025-10-23T12:22:34.238Z" },
    { url = "https://files.pythonhosted.org/packages/1d/b7/88f433819c54b496cb0315fce28e658970cb20ff5dbd52a5a605ce2888de/igraph-1.0.0-cp39-abi3-musllinux_1_2_x86_64.whl", hash = "sha256:05c79a2a8fca695b2f217a6fa7f2549f896f757d4db41be32a055400cb19cc30", size = 6594509, upload-time = "2025-10-23T12:22:35.831Z" },
    { url = "https://files.pythonhosted.org/packages/7b/5d/8f7f6f619d374e959aa3664ebc4b24c10abc90c2e8efbed97f2623fadaf5/igraph-1.0.0-cp39-abi3-win32.whl", hash = "sha256:c2bce3cd472fec3dd9c4d8a3ea5b6b9be65fb30edf760beb4850760dd4f2d479", size = 2725406, upload-time = "2025-10-23T12:22:37.588Z" },
    { url = "https://files.pythonhosted.org/packages/af/77/a85b3745cf40a0572bae2de8cd9c2a2a8af78e5cf3e880fc0a249114e609/igraph-1.0.0-cp39-abi3-win_amd64.whl", hash = "sha256:faeff8ede0cf15eb4ded44b0fcea6e1886740146e60504c24ad2da14e0939563", size = 3221663, upload-time = "2025-10-23T12:22:39.404Z" },
    { url = "https://files.pythonhosted.org/packages/ef/7e/5df541c37bdf6493035e89c22bd53f30d99b291bcda6c78e9a8afeecec2b/igraph-1.0.0-cp39-abi3-win_arm64.whl", hash = "sha256:b607cafc24b10a615e713ee96e58208ef27e0764af80140c7cc45d4724a3f2df", size = 2785701, upload-time = "2025-10-23T12:22:41.03Z" },
]

[[package]]
name = "iniconfig"
version = "2.3.0"
source = { registry = "https://pypi.org/simple" }
sdist = { url = "https://files.pythonhosted.org/packages/72/34/14ca021ce8e5dfedc35312d08ba8bf51fdd999c576889fc2c24cb97f4f10/iniconfig-2.3.0.tar.gz", hash = "sha256:c76315c77db068650d49c5b56314774a7804df16fee4402c1f19d6d15d8c4730", size = 20503, upload-time = "2025-10-18T21:55:43.219Z" }
wheels = [
    { url = "https://files.pythonhosted.org/packages/cb/b1/3846dd7f199d53cb17f49cba7e651e9ce294d8497c8c150530ed11865bb8/iniconfig-2.3.0-py3-none-any.whl", hash = "sha256:f631c04d2c48c52b84d0d0549c99ff3859c98df65b3101406327ecc7d53fbf12", size = 7484, upload-time = "2025-10-18T21:55:41.639Z" },
]

[[package]]
name = "packaging"
version = "26.2"
source = { registry = "https://pypi.org/simple" }
sdist = { url = "https://files.pythonhosted.org/packages/d7/f1/e7a6dd94a8d4a5626c03e4e99c87f241ba9e350cd9e6d75123f992427270/packaging-26.2.tar.gz", hash = "sha256:ff452ff5a3e828ce110190feff1178bb1f2ea2281fa2075aadb987c2fb221661", size = 228134, upload-time = "2026-04-24T20:15:23.917Z" }
wheels = [
    { url = "https://files.pythonhosted.org/packages/df/b2/87e62e8c3e2f4b32e5fe99e0b86d576da1312593b39f47d8ceef365e95ed/packaging-26.2-py3-none-any.whl", hash = "sha256:5fc45236b9446107ff2415ce77c807cee2862cb6fac22b8a73826d0693b0980e", size = 100195, upload-time = "2026-04-24T20:15:22.081Z" },
]

[[package]]
name = "pluggy"
version = "1.6.0"
source = { registry = "https://pypi.org/simple" }
sdist = { url = "https://files.pythonhosted.org/packages/f9/e2/3e91f31a7d2b083fe6ef3fa267035b518369d9511ffab804f839851d2779/pluggy-1.6.0.tar.gz", hash = "sha256:7dcc130b76258d33b90f61b658791dede3486c3e6bfb003ee5c9bfb396dd22f3", size = 69412, upload-time = "2025-05-15T12:30:07.975Z" }
wheels = [
    { url = "https://files.pythonhosted.org/packages/54/20/4d324d65cc6d9205fabedc306948156824eb9f0ee1633355a8f7ec5c66bf/pluggy-1.6.0-py3-none-any.whl", hash = "sha256:e920276dd6813095e9377c0bc5566d94c932c33b27a3e3945d8389c374dd4746", size = 20538, upload-time = "2025-05-15T12:30:06.134Z" },
]

[[package]]
name = "pygments"
version = "2.20.0"
source = { registry = "https://pypi.org/simple" }
sdist = { url = "https://files.pythonhosted.org/packages/c3/b2/bc9c9196916376152d655522fdcebac55e66de6603a76a02bca1b6414f6c/pygments-2.20.0.tar.gz", hash = "sha256:6757cd03768053ff99f3039c1a36d6c0aa0b263438fcab17520b30a303a82b5f", size = 4955991, upload-time = "2026-03-29T13:29:33.898Z" }
wheels = [
    { url = "https://files.pythonhosted.org/packages/f4/7e/a72dd26f3b0f4f2bf1dd8923c85f7ceb43172af56d63c7383eb62b332364/pygments-2.20.0-py3-none-any.whl", hash = "sha256:81a9e26dd42fd28a23a2d169d86d7ac03b46e2f8b59ed4698fb4785f946d0176", size = 1231151, upload-time = "2026-03-29T13:29:30.038Z" },
]

[[package]]
name = "pytest"
version = "9.0.3"
source = { registry = "https://pypi.org/simple" }
dependencies = [
    { name = "colorama", marker = "sys_platform == 'win32'" },
    { name = "iniconfig" },
    { name = "packaging" },
    { name = "pluggy" },
    { name = "pygments" },
]
sdist = { url = "https://files.pythonhosted.org/packages/7d/0d/549bd94f1a0a402dc8cf64563a117c0f3765662e2e668477624baeec44d5/pytest-9.0.3.tar.gz", hash = "sha256:b86ada508af81d19edeb213c681b1d48246c1a91d304c6c81a427674c17eb91c", size = 1572165, upload-time = "2026-04-07T17:16:18.027Z" }
wheels = [
    { url = "https://files.pythonhosted.org/packages/d4/24/a372aaf5c9b7208e7112038812994107bc65a84cd00e0354a88c2c77a617/pytest-9.0.3-py3-none-any.whl", hash = "sha256:2c5efc453d45394fdd706ade797c0a81091eccd1d6e4bccfcd476e2b8e0ab5d9", size = 375249, upload-time = "2026-04-07T17:16:16.13Z" },
]

[[package]]
name = "texttable"
version = "1.7.0"
source = { registry = "https://pypi.org/simple" }
sdist = { url = "https://files.pythonhosted.org/packages/1c/dc/0aff23d6036a4d3bf4f1d8c8204c5c79c4437e25e0ae94ffe4bbb55ee3c2/texttable-1.7.0.tar.gz", hash = "sha256:2d2068fb55115807d3ac77a4ca68fa48803e84ebb0ee2340f858107a36522638", size = 12831, upload-time = "2023-10-03T09:48:12.272Z" }
wheels = [
    { url = "https://files.pythonhosted.org/packages/24/99/4772b8e00a136f3e01236de33b0efda31ee7077203ba5967fcc76da94d65/texttable-1.7.0-py2.py3-none-any.whl", hash = "sha256:72227d592c82b3d7f672731ae73e4d1f88cd8e2ef5b075a7a7f01a23a3743917", size = 10768, upload-time = "2023-10-03T09:48:10.434Z" },
]

[[package]]
name = "tree-sitter"
version = "0.25.2"
source = { registry = "https://pypi.org/simple" }
sdist = { url = "https://files.pythonhosted.org/packages/66/7c/0350cfc47faadc0d3cf7d8237a4e34032b3014ddf4a12ded9933e1648b55/tree-sitter-0.25.2.tar.gz", hash = "sha256:fe43c158555da46723b28b52e058ad444195afd1db3ca7720c59a254544e9c20", size = 177961, upload-time = "2025-09-25T17:37:59.751Z" }
wheels = [
    { url = "https://files.pythonhosted.org/packages/8c/67/67492014ce32729b63d7ef318a19f9cfedd855d677de5773476caf771e96/tree_sitter-0.25.2-cp313-cp313-macosx_10_13_x86_64.whl", hash = "sha256:0628671f0de69bb279558ef6b640bcfc97864fe0026d840f872728a86cd6b6cd", size = 146926, upload-time = "2025-09-25T17:37:43.041Z" },
    { url = "https://files.pythonhosted.org/packages/4e/9c/a278b15e6b263e86c5e301c82a60923fa7c59d44f78d7a110a89a413e640/tree_sitter-0.25.2-cp313-cp313-macosx_11_0_arm64.whl", hash = "sha256:f5ddcd3e291a749b62521f71fc953f66f5fd9743973fd6dd962b092773569601", size = 137712, upload-time = "2025-09-25T17:37:44.039Z" },
    { url = "https://files.pythonhosted.org/packages/54/9a/423bba15d2bf6473ba67846ba5244b988cd97a4b1ea2b146822162256794/tree_sitter-0.25.2-cp313-cp313-manylinux2014_aarch64.manylinux_2_17_aarch64.manylinux_2_28_aarch64.whl", hash = "sha256:bd88fbb0f6c3a0f28f0a68d72df88e9755cf5215bae146f5a1bdc8362b772053", size = 607873, upload-time = "2025-09-25T17:37:45.477Z" },
    { url = "https://files.pythonhosted.org/packages/ed/4c/b430d2cb43f8badfb3a3fa9d6cd7c8247698187b5674008c9d67b2a90c8e/tree_sitter-0.25.2-cp313-cp313-manylinux2014_x86_64.manylinux_2_17_x86_64.manylinux_2_28_x86_64.whl", hash = "sha256:b878e296e63661c8e124177cc3084b041ba3f5936b43076d57c487822426f614", size = 636313, upload-time = "2025-09-25T17:37:46.68Z" },
    { url = "https://files.pythonhosted.org/packages/9d/27/5f97098dbba807331d666a0997662e82d066e84b17d92efab575d283822f/tree_sitter-0.25.2-cp313-cp313-musllinux_1_2_x86_64.whl", hash = "sha256:d77605e0d353ba3fe5627e5490f0fbfe44141bafa4478d88ef7954a61a848dae", size = 631370, upload-time = "2025-09-25T17:37:47.993Z" },
    { url = "https://files.pythonhosted.org/packages/d4/3c/87caaed663fabc35e18dc704cd0e9800a0ee2f22bd18b9cbe7c10799895d/tree_sitter-0.25.2-cp313-cp313-win_amd64.whl", hash = "sha256:463c032bd02052d934daa5f45d183e0521ceb783c2548501cf034b0beba92c9b", size = 127157, upload-time = "2025-09-25T17:37:48.967Z" },
    { url = "https://files.pythonhosted.org/packages/d5/23/f8467b408b7988aff4ea40946a4bd1a2c1a73d17156a9d039bbaff1e2ceb/tree_sitter-0.25.2-cp313-cp313-win_arm64.whl", hash = "sha256:b3f63a1796886249bd22c559a5944d64d05d43f2be72961624278eff0dcc5cb8", size = 113975, upload-time = "2025-09-25T17:37:49.922Z" },
    { url = "https://files.pythonhosted.org/packages/07/e3/d9526ba71dfbbe4eba5e51d89432b4b333a49a1e70712aa5590cd22fc74f/tree_sitter-0.25.2-cp314-cp314-macosx_10_13_x86_64.whl", hash = "sha256:65d3c931013ea798b502782acab986bbf47ba2c452610ab0776cf4a8ef150fc0", size = 146776, upload-time = "2025-09-25T17:37:50.898Z" },
    { url = "https://files.pythonhosted.org/packages/42/97/4bd4ad97f85a23011dd8a535534bb1035c4e0bac1234d58f438e15cff51f/tree_sitter-0.25.2-cp314-cp314-macosx_11_0_arm64.whl", hash = "sha256:bda059af9d621918efb813b22fb06b3fe00c3e94079c6143fcb2c565eb44cb87", size = 137732, upload-time = "2025-09-25T17:37:51.877Z" },
    { url = "https://files.pythonhosted.org/packages/b6/19/1e968aa0b1b567988ed522f836498a6a9529a74aab15f09dd9ac1e41f505/tree_sitter-0.25.2-cp314-cp314-manylinux2014_aarch64.manylinux_2_17_aarch64.manylinux_2_28_aarch64.whl", hash = "sha256:eac4e8e4c7060c75f395feec46421eb61212cb73998dbe004b7384724f3682ab", size = 609456, upload-time = "2025-09-25T17:37:52.925Z" },
    { url = "https://files.pythonhosted.org/packages/48/b6/cf08f4f20f4c9094006ef8828555484e842fc468827ad6e56011ab668dbd/tree_sitter-0.25.2-cp314-cp314-manylinux2014_x86_64.manylinux_2_17_x86_64.manylinux_2_28_x86_64.whl", hash = "sha256:260586381b23be33b6191a07cea3d44ecbd6c01aa4c6b027a0439145fcbc3358", size = 636772, upload-time = "2025-09-25T17:37:54.647Z" },
    { url = "https://files.pythonhosted.org/packages/57/e2/d42d55bf56360987c32bc7b16adb06744e425670b823fb8a5786a1cea991/tree_sitter-0.25.2-cp314-cp314-musllinux_1_2_x86_64.whl", hash = "sha256:7d2ee1acbacebe50ba0f85fff1bc05e65d877958f00880f49f9b2af38dce1af0", size = 631522, upload-time = "2025-09-25T17:37:55.833Z" },
    { url = "https://files.pythonhosted.org/packages/03/87/af9604ebe275a9345d88c3ace0cf2a1341aa3f8ef49dd9fc11662132df8a/tree_sitter-0.25.2-cp314-cp314-win_amd64.whl", hash = "sha256:4973b718fcadfb04e59e746abfbb0288694159c6aeecd2add59320c03368c721", size = 130864, upload-time = "2025-09-25T17:37:57.453Z" },
    { url = "https://files.pythonhosted.org/packages/a6/6e/e64621037357acb83d912276ffd30a859ef117f9c680f2e3cb955f47c680/tree_sitter-0.25.2-cp314-cp314-win_arm64.whl", hash = "sha256:b8d4429954a3beb3e844e2872610d2a4800ba4eb42bb1990c6a4b1949b18459f", size = 117470, upload-time = "2025-09-25T17:37:58.431Z" },
]

[[package]]
name = "tree-sitter-cpp"
version = "0.23.4"
source = { registry = "https://pypi.org/simple" }
sdist = { url = "https://files.pythonhosted.org/packages/20/2c/4dd63d705a8933543cad9b92ff31be849b164fec91a6eb63475ebc9ce668/tree_sitter_cpp-0.23.4.tar.gz", hash = "sha256:6a59c4cebb1ad1dc2e8d586cf8a72b39d21b8108b7b139d089719e81a339e41d", size = 940358, upload-time = "2024-11-11T06:59:24.934Z" }
wheels = [
    { url = "https://files.pythonhosted.org/packages/b6/ac/11d56670f7b048362db872ca866fd00ba2002a322ab179f047b7c0fb2910/tree_sitter_cpp-0.23.4-cp39-abi3-macosx_10_9_x86_64.whl", hash = "sha256:aacb1759f0efd9dbc25bd8ee88184a340483018869f75412d9c3bc32c039a520", size = 287861, upload-time = "2024-11-11T06:59:15.005Z" },
    { url = "https://files.pythonhosted.org/packages/12/1c/0337c016bdc00a77a3326d12f10ee836401dd28f27db6fd5b7734bfb21ed/tree_sitter_cpp-0.23.4-cp39-abi3-macosx_11_0_arm64.whl", hash = "sha256:bc3c404d9f0cbd87951213a85440afbf4c31e718f8d907fa9ee12bea4b8d276f", size = 315513, upload-time = "2024-11-11T06:59:16.679Z" },
    { url = "https://files.pythonhosted.org/packages/b3/7b/dd38c049b10ed7fda118b903a1d28a8b55a36b98c30606ef90e8f374c6de/tree_sitter_cpp-0.23.4-cp39-abi3-manylinux_2_17_aarch64.manylinux2014_aarch64.whl", hash = "sha256:ccc43ddf1279d5d5a4ef190373f4cb16522801bec4492bcd4754edf2aeba2b7b", size = 334813, upload-time = "2024-11-11T06:59:18.253Z" },
    { url = "https://files.pythonhosted.org/packages/6a/4d/23e390234d2acd351f5563b1079c515d7c1fe13ddb7392cee543be74dda3/tree_sitter_cpp-0.23.4-cp39-abi3-manylinux_2_17_x86_64.manylinux2014_x86_64.whl", hash = "sha256:773d2cafc08bbc0f998687fa33f42f378c1a371cdb582870c4d13abb06092706", size = 316110, upload-time = "2024-11-11T06:59:19.823Z" },
    { url = "https://files.pythonhosted.org/packages/32/c7/b94a7e0e803af9d3bd4608fb4f0cfb2e9e233abaf0a38c928bfb0b1a025d/tree_sitter_cpp-0.23.4-cp39-abi3-musllinux_1_2_x86_64.whl", hash = "sha256:247d127f0eb6574b0f6b30c0151e0bd0774e2e7acf9c558bdf9fbb8adc2e80c0", size = 308242, upload-time = "2024-11-11T06:59:21.466Z" },
    { url = "https://files.pythonhosted.org/packages/37/7e/909e52b3dec09c475140b0e175511e275d0d00ba2dbd7c68102d377ae0f6/tree_sitter_cpp-0.23.4-cp39-abi3-win_amd64.whl", hash = "sha256:68606a45bea92669d155399e1239f771a7767d8683cd8f8e30e7d813107030ca", size = 290997, upload-time = "2024-11-11T06:59:22.432Z" },
    { url = "https://files.pythonhosted.org/packages/d4/6a/65435d4d1f4c735be7ffe52d7c2e7b8a7f7c2790343a2719c60c548611c8/tree_sitter_cpp-0.23.4-cp39-abi3-win_arm64.whl", hash = "sha256:712f84f18be94cbe2a148fa4fdf40fcf4a8c25a8f7670efb9f8a47ddec2fc281", size = 288203, upload-time = "2024-11-11T06:59:23.404Z" },
]
