{
  "name": "elk",
  "lockfileVersion": 3,
  "requires": true,
  "packages": {
    "": {
      "dependencies": {
        "elkjs": "^0.8.2"
      }
    },
    "node_modules/elkjs": {
      "version": "0.8.2",
      "resolved": "https://registry.npmjs.org/elkjs/-/elkjs-0.8.2.tgz",
      "integrity": "sha512-L6uRgvZTH+4OF5NE/MBbzQx/WYpru1xCBE9respNj6qznEewGUIfhzmm7horWWxbNO2M0WckQypGctR8lH79xQ=="
    }
  }
}
